// !$*UTF8*$!
{
	archiveVersion = 1;
	classes = {
	};
	objectVersion = 77;
	objects = {

/* Begin PBXBuildFile section */
		3461CF652E2FE0EB0001D3E2 /* SnapKit in Frameworks */ = {isa = PBXBuildFile; productRef = 3461CF642E2FE0EB0001D3E2 /* SnapKit */; };
/* End PBXBuildFile section */

/* Begin PBXContainerItemProxy section */
		346DBEDF2E15422E00196EBD /* PBXContainerItemProxy */ = {
			isa = PBXContainerItemProxy;
			containerPortal = 3456AE132DF038C50005F595 /* Project object */;
			proxyType = 1;
			remoteGlobalIDString = 3456AE1A2DF038C50005F595;
			remoteInfo = DailyNews;
		};
/* End PBXContainerItemProxy section */

/* Begin PBXFileReference section */
		3456AE1B2DF038C50005F595 /* DailyNews.app */ = {isa = PBXFileReference; explicitFileType = wrapper.application; includeInIndex = 0; path = DailyNews.app; sourceTree = BUILT_PRODUCTS_DIR; };
		346DBEDB2E15422E00196EBD /* DailyNewsTests.xctest */ = {isa = PBXFileReference; explicitFileType = wrapper.cfbundle; includeInIndex = 0; path = DailyNewsTests.xctest; sourceTree = BUILT_PRODUCTS_DIR; };
/* End PBXFileReference section */

/* Begin PBXFileSystemSynchronizedBuildFileExceptionSet section */
		347CBA092E2E323000382C61 /* Exceptions for "DailyNews" folder in "DailyNews" target */ = {
			isa = PBXFileSystemSynchronizedBuildFileExceptionSet;
			membershipExceptions = (
				Application/Info.plist,
			);
			target = 3456AE1A2DF038C50005F595 /* DailyNews */;
		};
/* End PBXFileSystemSynchronizedBuildFileExceptionSet section */

/* Begin PBXFileSystemSynchronizedRootGroup section */
		340F3A522E00662A00D907CC /* Configurations */ = {
			isa = PBXFileSystemSynchronizedRootGroup;
			path = Configurations;
			sourceTree = "<group>";
		};
		3456AE1D2DF038C50005F595 /* DailyNews */ = {
			isa = PBXFileSystemSynchronizedRootGroup;
			exceptions = (
				347CBA092E2E323000382C61 /* Exceptions for "DailyNews" folder in "DailyNews" target */,
			);
			path = DailyNews;
			sourceTree = "<group>";
		};
		3461CE072E2F97F60001D3E2 /* Generated */ = {
			isa = PBXFileSystemSynchronizedRootGroup;
			path = Generated;
			sourceTree = "<group>";
		};
		346DBEDC2E15422E00196EBD /* DailyNewsTests */ = {
			isa = PBXFileSystemSynchronizedRootGroup;
			path = DailyNewsTests;
			sourceTree = "<group>";
		};
		347C7F322E123A1800301E49 /* DesignSystem */ = {
			isa = PBXFileSystemSynchronizedRootGroup;
			path = DesignSystem;
			sourceTree = "<group>";
		};
		347CB9702E2E2C7C00382C61 /* Helpers */ = {
			isa = PBXFileSystemSynchronizedRootGroup;
			path = Helpers;
			sourceTree = "<group>";
		};
/* End PBXFileSystemSynchronizedRootGroup section */

/* Begin PBXFrameworksBuildPhase section */
		3456AE182DF038C50005F595 /* Frameworks */ = {
			isa = PBXFrameworksBuildPhase;
			buildActionMask = 2147483647;
			files = (
				3461CF652E2FE0EB0001D3E2 /* SnapKit in Frameworks */,
			);
			runOnlyForDeploymentPostprocessing = 0;
		};
		346DBED82E15422E00196EBD /* Frameworks */ = {
			isa = PBXFrameworksBuildPhase;
			buildActionMask = 2147483647;
			files = (
			);
			runOnlyForDeploymentPostprocessing = 0;
		};
/* End PBXFrameworksBuildPhase section */

/* Begin PBXGroup section */
		3456AE122DF038C50005F595 = {
			isa = PBXGroup;
			children = (
				3461CE072E2F97F60001D3E2 /* Generated */,
				3456AE1D2DF038C50005F595 /* DailyNews */,
				347C7F322E123A1800301E49 /* DesignSystem */,
				340F3A522E00662A00D907CC /* Configurations */,
				347CB9702E2E2C7C00382C61 /* Helpers */,
				346DBEDC2E15422E00196EBD /* DailyNewsTests */,
				3456AE1C2DF038C50005F595 /* Products */,
			);
			sourceTree = "<group>";
		};
		3456AE1C2DF038C50005F595 /* Products */ = {
			isa = PBXGroup;
			children = (
				3456AE1B2DF038C50005F595 /* DailyNews.app */,
				346DBEDB2E15422E00196EBD /* DailyNewsTests.xctest */,
			);
			name = Products;
			sourceTree = "<group>";
		};
/* End PBXGroup section */

/* Begin PBXNativeTarget section */
		3456AE1A2DF038C50005F595 /* DailyNews */ = {
			isa = PBXNativeTarget;
			buildConfigurationList = 3456AE2E2DF038C60005F595 /* Build configuration list for PBXNativeTarget "DailyNews" */;
			buildPhases = (
				3483426B2E03AF5E00614FCE /* SwiftGen generation */,
				3456AE172DF038C50005F595 /* Sources */,
				3456AE182DF038C50005F595 /* Frameworks */,
				3456AE192DF038C50005F595 /* Resources */,
			);
			buildRules = (
			);
			dependencies = (
			);
			fileSystemSynchronizedGroups = (
				340F3A522E00662A00D907CC /* Configurations */,
				3456AE1D2DF038C50005F595 /* DailyNews */,
				3461CE072E2F97F60001D3E2 /* Generated */,
				347C7F322E123A1800301E49 /* DesignSystem */,
				347CB9702E2E2C7C00382C61 /* Helpers */,
			);
			name = DailyNews;
			packageProductDependencies = (
				3461CF642E2FE0EB0001D3E2 /* SnapKit */,
			);
			productName = DailyNews;
			productReference = 3456AE1B2DF038C50005F595 /* DailyNews.app */;
			productType = "com.apple.product-type.application";
		};
		346DBEDA2E15422E00196EBD /* DailyNewsTests */ = {
			isa = PBXNativeTarget;
			buildConfigurationList = 346DBEE12E15422E00196EBD /* Build configuration list for PBXNativeTarget "DailyNewsTests" */;
			buildPhases = (
				346DBED72E15422E00196EBD /* Sources */,
				346DBED82E15422E00196EBD /* Frameworks */,
				346DBED92E15422E00196EBD /* Resources */,
			);
			buildRules = (
			);
			dependencies = (
				346DBEE02E15422E00196EBD /* PBXTargetDependency */,
			);
			fileSystemSynchronizedGroups = (
				346DBEDC2E15422E00196EBD /* DailyNewsTests */,
			);
			name = DailyNewsTests;
			packageProductDependencies = (
			);
			productName = DailyNewsTests;
			productReference = 346DBEDB2E15422E00196EBD /* DailyNewsTests.xctest */;
			productType = "com.apple.product-type.bundle.unit-test";
		};
/* End PBXNativeTarget section */

/* Begin PBXProject section */
		3456AE132DF038C50005F595 /* Project object */ = {
			isa = PBXProject;
			attributes = {
				BuildIndependentTargetsInParallel = 1;
				LastSwiftUpdateCheck = 1640;
				LastUpgradeCheck = 1640;
				TargetAttributes = {
					3456AE1A2DF038C50005F595 = {
						CreatedOnToolsVersion = 16.4;
					};
					346DBEDA2E15422E00196EBD = {
						CreatedOnToolsVersion = 16.4;
						TestTargetID = 3456AE1A2DF038C50005F595;
					};
				};
			};
			buildConfigurationList = 3456AE162DF038C50005F595 /* Build configuration list for PBXProject "DailyNews" */;
			developmentRegion = en;
			hasScannedForEncodings = 0;
			knownRegions = (
				en,
				Base,
				vi,
			);
			mainGroup = 3456AE122DF038C50005F595;
			minimizedProjectReferenceProxies = 1;
			packageReferences = (
				3461CF632E2FE0EB0001D3E2 /* XCRemoteSwiftPackageReference "SnapKit" */,
			);
			preferredProjectObjectVersion = 77;
			productRefGroup = 3456AE1C2DF038C50005F595 /* Products */;
			projectDirPath = "";
			projectRoot = "";
			targets = (
				3456AE1A2DF038C50005F595 /* DailyNews */,
				346DBEDA2E15422E00196EBD /* DailyNewsTests */,
			);
		};
/* End PBXProject section */

/* Begin PBXResourcesBuildPhase section */
		3456AE192DF038C50005F595 /* Resources */ = {
			isa = PBXResourcesBuildPhase;
			buildActionMask = 2147483647;
			files = (
			);
			runOnlyForDeploymentPostprocessing = 0;
		};
		346DBED92E15422E00196EBD /* Resources */ = {
			isa = PBXResourcesBuildPhase;
			buildActionMask = 2147483647;
			files = (
			);
			runOnlyForDeploymentPostprocessing = 0;
		};
/* End PBXResourcesBuildPhase section */

/* Begin PBXShellScriptBuildPhase section */
		3483426B2E03AF5E00614FCE /* SwiftGen generation */ = {
			isa = PBXShellScriptBuildPhase;
			alwaysOutOfDate = 1;
			buildActionMask = 2147483647;
			files = (
			);
			inputFileListPaths = (
			);
			inputPaths = (
				"$(SRCROOT)/swiftgen.yml",
				"$(SRCROOT)/DailyNews/Resources/Assets.xcassets",
				"$(SRCROOT)/DailyNews/Resources/en.lproj/Localizable.strings",
				"$(SRCROOT)/DailyNews/Resources/vi.lproj/Localizable.strings",
			);
			name = "SwiftGen generation";
			outputFileListPaths = (
			);
			outputPaths = (
				"$(SRCROOT)/Generated/Assets.swift",
				"$(SRCROOT)/Generated/Colors.swift\n",
				"$(SRCROOT)/Generated/Strings.swift",
			);
			runOnlyForDeploymentPostprocessing = 0;
			shellPath = /bin/sh;
			shellScript = "#!/bin/bash\nexport PATH=\"/opt/homebrew/bin:/usr/local/bin:$PATH\"\n\nif ! command -v swiftgen &> /dev/null; then\n    echo \"error: SwiftGen not found. Install it with: brew install swiftgen\"\n    exit 1\nfi\n\nCONFIG_FILE=\"${SRCROOT}/swiftgen.yml\"\nif [ ! -f \"$CONFIG_FILE\" ]; then\n    echo \"error: SwiftGen config file not found at $CONFIG_FILE\"\n    exit 1\nfi\n\necho \"Running SwiftGen with config: $CONFIG_FILE\"\ncd \"${SRCROOT}\"\nswiftgen config run --config \"swiftgen.yml\"\n\nif [ $? -eq 0 ]; then\n    echo \"SwiftGen completed successfully.\"\nelse\n    echo \"error: SwiftGen failed. Check the logs above for details.\"\n    exit 1\nfi\n";
			showEnvVarsInLog = 0;
		};
/* End PBXShellScriptBuildPhase section */

/* Begin PBXSourcesBuildPhase section */
		3456AE172DF038C50005F595 /* Sources */ = {
			isa = PBXSourcesBuildPhase;
			buildActionMask = 2147483647;
			files = (
			);
			runOnlyForDeploymentPostprocessing = 0;
		};
		346DBED72E15422E00196EBD /* Sources */ = {
			isa = PBXSourcesBuildPhase;
			buildActionMask = 2147483647;
			files = (
			);
			runOnlyForDeploymentPostprocessing = 0;
		};
/* End PBXSourcesBuildPhase section */

/* Begin PBXTargetDependency section */
		346DBEE02E15422E00196EBD /* PBXTargetDependency */ = {
			isa = PBXTargetDependency;
			target = 3456AE1A2DF038C50005F595 /* DailyNews */;
			targetProxy = 346DBEDF2E15422E00196EBD /* PBXContainerItemProxy */;
		};
/* End PBXTargetDependency section */

/* Begin XCBuildConfiguration section */
		3456AE2F2DF038C60005F595 /* Debug */ = {
			isa = XCBuildConfiguration;
			baseConfigurationReferenceAnchor = 340F3A522E00662A00D907CC /* Configurations */;
			baseConfigurationReferenceRelativePath = Debug.xcconfig;
			buildSettings = {
				ASSETCATALOG_COMPILER_APPICON_NAME = AppIcon;
				ASSETCATALOG_COMPILER_GLOBAL_ACCENT_COLOR_NAME = AccentColor;
				CODE_SIGN_STYLE = Automatic;
				CURRENT_PROJECT_VERSION = 1;
				DEVELOPMENT_TEAM = HL5737X75Y;
				GENERATE_INFOPLIST_FILE = YES;
				INFOPLIST_FILE = "$(INFOPLIST_FILE)";
				INFOPLIST_KEY_CFBundleDisplayName = "$(INFOPLIST_KEY_CFBundleDisplayName)";
				INFOPLIST_KEY_LSApplicationCategoryType = "public.app-category.news";
				INFOPLIST_KEY_UIApplicationSupportsIndirectInputEvents = YES;
				INFOPLIST_KEY_UILaunchStoryboardName = LaunchScreen;
				INFOPLIST_KEY_UISupportedInterfaceOrientations_iPad = "UIInterfaceOrientationPortrait UIInterfaceOrientationPortraitUpsideDown UIInterfaceOrientationLandscapeLeft UIInterfaceOrientationLandscapeRight";
				INFOPLIST_KEY_UISupportedInterfaceOrientations_iPhone = "UIInterfaceOrientationPortrait UIInterfaceOrientationLandscapeLeft UIInterfaceOrientationLandscapeRight";
				IPHONEOS_DEPLOYMENT_TARGET = "$(IPHONEOS_DEPLOYMENT_TARGET)";
				LD_RUNPATH_SEARCH_PATHS = (
					"$(inherited)",
					"@executable_path/Frameworks",
				);
				MARKETING_VERSION = 1.0;
				PRODUCT_BUNDLE_IDENTIFIER = "$(PRODUCT_BUNDLE_IDENTIFIER)";
				"PRODUCT_BUNDLE_IDENTIFIER[sdk=iphoneos*]" = com.chinhng.DailyNews.debug;
				PRODUCT_NAME = "$(TARGET_NAME)";
				SUPPORTED_PLATFORMS = "iphoneos iphonesimulator";
				SUPPORTS_MACCATALYST = NO;
				SUPPORTS_MAC_DESIGNED_FOR_IPHONE_IPAD = NO;
				SUPPORTS_XR_DESIGNED_FOR_IPHONE_IPAD = NO;
				SWIFT_EMIT_LOC_STRINGS = YES;
				SWIFT_INCLUDE_PATHS = "";
				SWIFT_VERSION = 5.0;
				TARGETED_DEVICE_FAMILY = 1;
			};
			name = Debug;
		};
		3456AE302DF038C60005F595 /* Release */ = {
			isa = XCBuildConfiguration;
			baseConfigurationReferenceAnchor = 340F3A522E00662A00D907CC /* Configurations */;
			baseConfigurationReferenceRelativePath = Release.xcconfig;
			buildSettings = {
				ASSETCATALOG_COMPILER_APPICON_NAME = AppIcon;
				ASSETCATALOG_COMPILER_GLOBAL_ACCENT_COLOR_NAME = AccentColor;
				CODE_SIGN_STYLE = Automatic;
				CURRENT_PROJECT_VERSION = 1;
				DEVELOPMENT_TEAM = HL5737X75Y;
				GENERATE_INFOPLIST_FILE = YES;
				INFOPLIST_FILE = "$(INFOPLIST_FILE)";
				INFOPLIST_KEY_CFBundleDisplayName = "$(INFOPLIST_KEY_CFBundleDisplayName)";
				INFOPLIST_KEY_LSApplicationCategoryType = "public.app-category.news";
				INFOPLIST_KEY_UIApplicationSupportsIndirectInputEvents = YES;
				INFOPLIST_KEY_UILaunchStoryboardName = LaunchScreen;
				INFOPLIST_KEY_UISupportedInterfaceOrientations_iPad = "UIInterfaceOrientationPortrait UIInterfaceOrientationPortraitUpsideDown UIInterfaceOrientationLandscapeLeft UIInterfaceOrientationLandscapeRight";
				INFOPLIST_KEY_UISupportedInterfaceOrientations_iPhone = "UIInterfaceOrientationPortrait UIInterfaceOrientationLandscapeLeft UIInterfaceOrientationLandscapeRight";
				IPHONEOS_DEPLOYMENT_TARGET = "$(IPHONEOS_DEPLOYMENT_TARGET)";
				LD_RUNPATH_SEARCH_PATHS = (
					"$(inherited)",
					"@executable_path/Frameworks",
				);
				MARKETING_VERSION = 1.0;
				PRODUCT_BUNDLE_IDENTIFIER = "$(PRODUCT_BUNDLE_IDENTIFIER)";
				"PRODUCT_BUNDLE_IDENTIFIER[sdk=iphoneos*]" = com.chinhng.DailyNews;
				PRODUCT_NAME = "$(TARGET_NAME)";
				SUPPORTED_PLATFORMS = "iphoneos iphonesimulator";
				SUPPORTS_MACCATALYST = NO;
				SUPPORTS_MAC_DESIGNED_FOR_IPHONE_IPAD = NO;
				SUPPORTS_XR_DESIGNED_FOR_IPHONE_IPAD = NO;
				SWIFT_EMIT_LOC_STRINGS = YES;
				SWIFT_INCLUDE_PATHS = "";
				SWIFT_VERSION = 5.0;
				TARGETED_DEVICE_FAMILY = 1;
			};
			name = Release;
		};
		3456AE312DF038C60005F595 /* Debug */ = {
			isa = XCBuildConfiguration;
			baseConfigurationReferenceAnchor = 340F3A522E00662A00D907CC /* Configurations */;
			baseConfigurationReferenceRelativePath = Debug.xcconfig;
			buildSettings = {
				ALWAYS_SEARCH_USER_PATHS = NO;
				ASSETCATALOG_COMPILER_GENERATE_SWIFT_ASSET_SYMBOL_EXTENSIONS = YES;
				CLANG_ANALYZER_LOCALIZABILITY_NONLOCALIZED = YES;
				CLANG_ANALYZER_NONNULL = YES;
				CLANG_ANALYZER_NUMBER_OBJECT_CONVERSION = YES_AGGRESSIVE;
				CLANG_CXX_LANGUAGE_STANDARD = "gnu++20";
				CLANG_ENABLE_MODULES = YES;
				CLANG_ENABLE_OBJC_ARC = YES;
				CLANG_ENABLE_OBJC_WEAK = YES;
				CLANG_WARN_BLOCK_CAPTURE_AUTORELEASING = YES;
				CLANG_WARN_BOOL_CONVERSION = YES;
				CLANG_WARN_COMMA = YES;
				CLANG_WARN_CONSTANT_CONVERSION = YES;
				CLANG_WARN_DEPRECATED_OBJC_IMPLEMENTATIONS = YES;
				CLANG_WARN_DIRECT_OBJC_ISA_USAGE = YES_ERROR;
				CLANG_WARN_DOCUMENTATION_COMMENTS = YES;
				CLANG_WARN_EMPTY_BODY = YES;
				CLANG_WARN_ENUM_CONVERSION = YES;
				CLANG_WARN_INFINITE_RECURSION = YES;
				CLANG_WARN_INT_CONVERSION = YES;
				CLANG_WARN_NON_LITERAL_NULL_CONVERSION = YES;
				CLANG_WARN_OBJC_IMPLICIT_RETAIN_SELF = YES;
				CLANG_WARN_OBJC_LITERAL_CONVERSION = YES;
				CLANG_WARN_OBJC_ROOT_CLASS = YES_ERROR;
				CLANG_WARN_QUOTED_INCLUDE_IN_FRAMEWORK_HEADER = YES;
				CLANG_WARN_RANGE_LOOP_ANALYSIS = YES;
				CLANG_WARN_STRICT_PROTOTYPES = YES;
				CLANG_WARN_SUSPICIOUS_MOVE = YES;
				CLANG_WARN_UNGUARDED_AVAILABILITY = YES_AGGRESSIVE;
				CLANG_WARN_UNREACHABLE_CODE = YES;
				CLANG_WARN__DUPLICATE_METHOD_MATCH = YES;
				COPY_PHASE_STRIP = NO;
				DEBUG_INFORMATION_FORMAT = dwarf;
				DEVELOPMENT_TEAM = HL5737X75Y;
				ENABLE_STRICT_OBJC_MSGSEND = YES;
				ENABLE_TESTABILITY = YES;
				ENABLE_USER_SCRIPT_SANDBOXING = NO;
				GCC_C_LANGUAGE_STANDARD = gnu17;
				GCC_DYNAMIC_NO_PIC = NO;
				GCC_NO_COMMON_BLOCKS = YES;
				GCC_OPTIMIZATION_LEVEL = 0;
				GCC_PREPROCESSOR_DEFINITIONS = (
					"DEBUG=1",
					"$(inherited)",
				);
				GCC_WARN_64_TO_32_BIT_CONVERSION = YES;
				GCC_WARN_ABOUT_RETURN_TYPE = YES_ERROR;
				GCC_WARN_UNDECLARED_SELECTOR = YES;
				GCC_WARN_UNINITIALIZED_AUTOS = YES_AGGRESSIVE;
				GCC_WARN_UNUSED_FUNCTION = YES;
				GCC_WARN_UNUSED_VARIABLE = YES;
				IPHONEOS_DEPLOYMENT_TARGET = 18.5;
				LOCALIZATION_PREFERS_STRING_CATALOGS = YES;
				MTL_ENABLE_DEBUG_INFO = INCLUDE_SOURCE;
				MTL_FAST_MATH = YES;
				ONLY_ACTIVE_ARCH = YES;
				SDKROOT = iphoneos;
				SWIFT_ACTIVE_COMPILATION_CONDITIONS = "DEBUG $(inherited)";
				SWIFT_OPTIMIZATION_LEVEL = "-Onone";
			};
			name = Debug;
		};
		3456AE322DF038C60005F595 /* Release */ = {
			isa = XCBuildConfiguration;
			baseConfigurationReferenceAnchor = 340F3A522E00662A00D907CC /* Configurations */;
			baseConfigurationReferenceRelativePath = Release.xcconfig;
			buildSettings = {
				ALWAYS_SEARCH_USER_PATHS = NO;
				ASSETCATALOG_COMPILER_GENERATE_SWIFT_ASSET_SYMBOL_EXTENSIONS = YES;
				CLANG_ANALYZER_LOCALIZABILITY_NONLOCALIZED = YES;
				CLANG_ANALYZER_NONNULL = YES;
				CLANG_ANALYZER_NUMBER_OBJECT_CONVERSION = YES_AGGRESSIVE;
				CLANG_CXX_LANGUAGE_STANDARD = "gnu++20";
				CLANG_ENABLE_MODULES = YES;
				CLANG_ENABLE_OBJC_ARC = YES;
				CLANG_ENABLE_OBJC_WEAK = YES;
				CLANG_WARN_BLOCK_CAPTURE_AUTORELEASING = YES;
				CLANG_WARN_BOOL_CONVERSION = YES;
				CLANG_WARN_COMMA = YES;
				CLANG_WARN_CONSTANT_CONVERSION = YES;
				CLANG_WARN_DEPRECATED_OBJC_IMPLEMENTATIONS = YES;
				CLANG_WARN_DIRECT_OBJC_ISA_USAGE = YES_ERROR;
				CLANG_WARN_DOCUMENTATION_COMMENTS = YES;
				CLANG_WARN_EMPTY_BODY = YES;
				CLANG_WARN_ENUM_CONVERSION = YES;
				CLANG_WARN_INFINITE_RECURSION = YES;
				CLANG_WARN_INT_CONVERSION = YES;
				CLANG_WARN_NON_LITERAL_NULL_CONVERSION = YES;
				CLANG_WARN_OBJC_IMPLICIT_RETAIN_SELF = YES;
				CLANG_WARN_OBJC_LITERAL_CONVERSION = YES;
				CLANG_WARN_OBJC_ROOT_CLASS = YES_ERROR;
				CLANG_WARN_QUOTED_INCLUDE_IN_FRAMEWORK_HEADER = YES;
				CLANG_WARN_RANGE_LOOP_ANALYSIS = YES;
				CLANG_WARN_STRICT_PROTOTYPES = YES;
				CLANG_WARN_SUSPICIOUS_MOVE = YES;
				CLANG_WARN_UNGUARDED_AVAILABILITY = YES_AGGRESSIVE;
				CLANG_WARN_UNREACHABLE_CODE = YES;
				CLANG_WARN__DUPLICATE_METHOD_MATCH = YES;
				COPY_PHASE_STRIP = NO;
				DEBUG_INFORMATION_FORMAT = "dwarf-with-dsym";
				DEVELOPMENT_TEAM = HL5737X75Y;
				ENABLE_NS_ASSERTIONS = NO;
				ENABLE_STRICT_OBJC_MSGSEND = YES;
				ENABLE_USER_SCRIPT_SANDBOXING = NO;
				GCC_C_LANGUAGE_STANDARD = gnu17;
				GCC_NO_COMMON_BLOCKS = YES;
				GCC_WARN_64_TO_32_BIT_CONVERSION = YES;
				GCC_WARN_ABOUT_RETURN_TYPE = YES_ERROR;
				GCC_WARN_UNDECLARED_SELECTOR = YES;
				GCC_WARN_UNINITIALIZED_AUTOS = YES_AGGRESSIVE;
				GCC_WARN_UNUSED_FUNCTION = YES;
				GCC_WARN_UNUSED_VARIABLE = YES;
				IPHONEOS_DEPLOYMENT_TARGET = 18.5;
				LOCALIZATION_PREFERS_STRING_CATALOGS = YES;
				MTL_ENABLE_DEBUG_INFO = NO;
				MTL_FAST_MATH = YES;
				SDKROOT = iphoneos;
				SWIFT_COMPILATION_MODE = wholemodule;
				VALIDATE_PRODUCT = YES;
			};
			name = Release;
		};
		346DBEE22E15422E00196EBD /* Debug */ = {
			isa = XCBuildConfiguration;
			buildSettings = {
				BUNDLE_LOADER = "$(TEST_HOST)";
				CODE_SIGN_STYLE = Automatic;
				CURRENT_PROJECT_VERSION = 1;
				DEVELOPMENT_TEAM = HL5737X75Y;
				ENABLE_USER_SCRIPT_SANDBOXING = YES;
				GENERATE_INFOPLIST_FILE = YES;
				IPHONEOS_DEPLOYMENT_TARGET = "$(IPHONEOS_DEPLOYMENT_TARGET)";
				MARKETING_VERSION = 1.0;
				PRODUCT_BUNDLE_IDENTIFIER = com.chinhng.DailyNewsTests;
				PRODUCT_NAME = "$(TARGET_NAME)";
				SUPPORTED_PLATFORMS = "iphoneos iphonesimulator";
				SUPPORTS_MACCATALYST = NO;
				SWIFT_EMIT_LOC_STRINGS = NO;
				SWIFT_VERSION = 5.0;
				TARGETED_DEVICE_FAMILY = 1;
				TEST_HOST = "$(BUILT_PRODUCTS_DIR)/DailyNews.app/$(BUNDLE_EXECUTABLE_FOLDER_PATH)/DailyNews";
			};
			name = Debug;
		};
		346DBEE32E15422E00196EBD /* Release */ = {
			isa = XCBuildConfiguration;
			buildSettings = {
				BUNDLE_LOADER = "$(TEST_HOST)";
				CODE_SIGN_STYLE = Automatic;
				CURRENT_PROJECT_VERSION = 1;
				DEVELOPMENT_TEAM = HL5737X75Y;
				ENABLE_USER_SCRIPT_SANDBOXING = YES;
				GENERATE_INFOPLIST_FILE = YES;
				IPHONEOS_DEPLOYMENT_TARGET = "$(IPHONEOS_DEPLOYMENT_TARGET)";
				MARKETING_VERSION = 1.0;
				PRODUCT_BUNDLE_IDENTIFIER = com.chinhng.DailyNewsTests;
				PRODUCT_NAME = "$(TARGET_NAME)";
				SUPPORTED_PLATFORMS = "iphoneos iphonesimulator";
				SUPPORTS_MACCATALYST = NO;
				SWIFT_EMIT_LOC_STRINGS = NO;
				SWIFT_VERSION = 5.0;
				TARGETED_DEVICE_FAMILY = 1;
				TEST_HOST = "$(BUILT_PRODUCTS_DIR)/DailyNews.app/$(BUNDLE_EXECUTABLE_FOLDER_PATH)/DailyNews";
			};
			name = Release;
		};
/* End XCBuildConfiguration section */

/* Begin XCConfigurationList section */
		3456AE162DF038C50005F595 /* Build configuration list for PBXProject "DailyNews" */ = {
			isa = XCConfigurationList;
			buildConfigurations = (
				3456AE312DF038C60005F595 /* Debug */,
				3456AE322DF038C60005F595 /* Release */,
			);
			defaultConfigurationIsVisible = 0;
			defaultConfigurationName = Release;
		};
		3456AE2E2DF038C60005F595 /* Build configuration list for PBXNativeTarget "DailyNews" */ = {
			isa = XCConfigurationList;
			buildConfigurations = (
				3456AE2F2DF038C60005F595 /* Debug */,
				3456AE302DF038C60005F595 /* Release */,
			);
			defaultConfigurationIsVisible = 0;
			defaultConfigurationName = Release;
		};
		346DBEE12E15422E00196EBD /* Build configuration list for PBXNativeTarget "DailyNewsTests" */ = {
			isa = XCConfigurationList;
			buildConfigurations = (
				346DBEE22E15422E00196EBD /* Debug */,
				346DBEE32E15422E00196EBD /* Release */,
			);
			defaultConfigurationIsVisible = 0;
			defaultConfigurationName = Release;
		};
/* End XCConfigurationList section */

/* Begin XCRemoteSwiftPackageReference section */
		3461CF632E2FE0EB0001D3E2 /* XCRemoteSwiftPackageReference "SnapKit" */ = {
			isa = XCRemoteSwiftPackageReference;
			repositoryURL = "https://github.com/SnapKit/SnapKit.git";
			requirement = {
				kind = upToNextMajorVersion;
				minimumVersion = 5.7.1;
			};
		};
/* End XCRemoteSwiftPackageReference section */

/* Begin XCSwiftPackageProductDependency section */
		3461CF642E2FE0EB0001D3E2 /* SnapKit */ = {
			isa = XCSwiftPackageProductDependency;
			package = 3461CF632E2FE0EB0001D3E2 /* XCRemoteSwiftPackageReference "SnapKit" */;
			productName = SnapKit;
		};
/* End XCSwiftPackageProductDependency section */
	};
	rootObject = 3456AE132DF038C50005F595 /* Project object */;
}
