// !$*UTF8*$!
{
	archiveVersion = 1;
	classes = {
	};
	objectVersion = 77;
	objects = {

/* Begin PBXBuildFile section */
		340F39C82E00241900D907CC /* SnapKit in Frameworks */ = {isa = PBXBuildFile; productRef = 340F39C72E00241900D907CC /* SnapKit */; };
		348342692E03ADE500614FCE /* TCAssets in Frameworks */ = {isa = PBXBuildFile; productRef = 348342682E03ADE500614FCE /* TCAssets */; };
/* End PBXBuildFile section */

/* Begin PBXFileReference section */
		3456AE1B2DF038C50005F595 /* DailyNews.app */ = {isa = PBXFileReference; explicitFileType = wrapper.application; includeInIndex = 0; path = DailyNews.app; sourceTree = BUILT_PRODUCTS_DIR; };
/* End PBXFileReference section */

/* Begin PBXFileSystemSynchronizedBuildFileExceptionSet section */
		3456AE2D2DF038C60005F595 /* Exceptions for "DailyNews" folder in "DailyNews" target */ = {
			isa = PBXFileSystemSynchronizedBuildFileExceptionSet;
			membershipExceptions = (
				Info.plist,
			);
			target = 3456AE1A2DF038C50005F595 /* DailyNews */;
		};
/* End PBXFileSystemSynchronizedBuildFileExceptionSet section */

/* Begin PBXFileSystemSynchronizedRootGroup section */
		340F3A522E00662A00D907CC /* Configurations */ = {
			isa = PBXFileSystemSynchronizedRootGroup;
			path = Configurations;
			sourceTree = "<group>";
		};
		3456AE1D2DF038C50005F595 /* DailyNews */ = {
			isa = PBXFileSystemSynchronizedRootGroup;
			exceptions = (
				3456AE2D2DF038C60005F595 /* Exceptions for "DailyNews" folder in "DailyNews" target */,
			);
			path = DailyNews;
			sourceTree = "<group>";
		};
/* End PBXFileSystemSynchronizedRootGroup section */

/* Begin PBXFrameworksBuildPhase section */
		3456AE182DF038C50005F595 /* Frameworks */ = {
			isa = PBXFrameworksBuildPhase;
			buildActionMask = 2147483647;
			files = (
				348342692E03ADE500614FCE /* TCAssets in Frameworks */,
				340F39C82E00241900D907CC /* SnapKit in Frameworks */,
			);
			runOnlyForDeploymentPostprocessing = 0;
		};
/* End PBXFrameworksBuildPhase section */

/* Begin PBXGroup section */
		3456AE122DF038C50005F595 = {
			isa = PBXGroup;
			children = (
				340F3A522E00662A00D907CC /* Configurations */,
				3456AE1D2DF038C50005F595 /* DailyNews */,
				3456AE1C2DF038C50005F595 /* Products */,
			);
			sourceTree = "<group>";
		};
		3456AE1C2DF038C50005F595 /* Products */ = {
			isa = PBXGroup;
			children = (
				3456AE1B2DF038C50005F595 /* DailyNews.app */,
			);
			name = Products;
			sourceTree = "<group>";
		};
/* End PBXGroup section */

/* Begin PBXNativeTarget section */
		3456AE1A2DF038C50005F595 /* DailyNews */ = {
			isa = PBXNativeTarget;
			buildConfigurationList = 3456AE2E2DF038C60005F595 /* Build configuration list for PBXNativeTarget "DailyNews" */;
			buildPhases = (
				3483426B2E03AF5E00614FCE /* Generate TCAssets */,
				3456AE172DF038C50005F595 /* Sources */,
				3456AE182DF038C50005F595 /* Frameworks */,
				3456AE192DF038C50005F595 /* Resources */,
			);
			buildRules = (
			);
			dependencies = (
			);
			fileSystemSynchronizedGroups = (
				340F3A522E00662A00D907CC /* Configurations */,
				3456AE1D2DF038C50005F595 /* DailyNews */,
			);
			name = DailyNews;
			packageProductDependencies = (
				340F39C72E00241900D907CC /* SnapKit */,
				348342682E03ADE500614FCE /* TCAssets */,
			);
			productName = DailyNews;
			productReference = 3456AE1B2DF038C50005F595 /* DailyNews.app */;
			productType = "com.apple.product-type.application";
		};
/* End PBXNativeTarget section */

/* Begin PBXProject section */
		3456AE132DF038C50005F595 /* Project object */ = {
			isa = PBXProject;
			attributes = {
				BuildIndependentTargetsInParallel = 1;
				LastSwiftUpdateCheck = 1640;
				LastUpgradeCheck = 1640;
				TargetAttributes = {
					3456AE1A2DF038C50005F595 = {
						CreatedOnToolsVersion = 16.4;
					};
				};
			};
			buildConfigurationList = 3456AE162DF038C50005F595 /* Build configuration list for PBXProject "DailyNews" */;
			developmentRegion = en;
			hasScannedForEncodings = 0;
			knownRegions = (
				en,
				Base,
			);
			mainGroup = 3456AE122DF038C50005F595;
			minimizedProjectReferenceProxies = 1;
			packageReferences = (
				340F39C62E00241900D907CC /* XCRemoteSwiftPackageReference "SnapKit" */,
				348342672E03ADE500614FCE /* XCLocalSwiftPackageReference "TCAssets" */,
			);
			preferredProjectObjectVersion = 77;
			productRefGroup = 3456AE1C2DF038C50005F595 /* Products */;
			projectDirPath = "";
			projectRoot = "";
			targets = (
				3456AE1A2DF038C50005F595 /* DailyNews */,
			);
		};
/* End PBXProject section */

/* Begin PBXResourcesBuildPhase section */
		3456AE192DF038C50005F595 /* Resources */ = {
			isa = PBXResourcesBuildPhase;
			buildActionMask = 2147483647;
			files = (
			);
			runOnlyForDeploymentPostprocessing = 0;
		};
/* End PBXResourcesBuildPhase section */

/* Begin PBXShellScriptBuildPhase section */
		3483426B2E03AF5E00614FCE /* Generate TCAssets */ = {
			isa = PBXShellScriptBuildPhase;
			buildActionMask = 2147483647;
			files = (
			);
			inputFileListPaths = (
			);
			inputPaths = (
				"$(SRCROOT)/TCAssets/swiftgen.yml",
				"$(SRCROOT)/TCAssets/Resources/Assets.xcassets",
				"$(SRCROOT)/TCAssets/Resources/Localizations",
				"$(SRCROOT)/TCAssets/Resources/Fonts",
			);
			name = "Generate TCAssets";
			outputFileListPaths = (
			);
			outputPaths = (
				"$(DERIVED_FILE_DIR)/TCAssets/Sources/TCAssets/Generated/Assets.swift",
				"$(DERIVED_FILE_DIR)/TCAssets/Sources/TCAssets/Generated/Strings.swift",
				"$(DERIVED_FILE_DIR)/TCAssets/Sources/TCAssets/Generated/Colors.swift",
				"$(DERIVED_FILE_DIR)/TCAssets/Sources/TCAssets/Generated/Fonts.swift",
			);
			runOnlyForDeploymentPostprocessing = 0;
			shellPath = /bin/sh;
			shellScript = "#!/bin/bash\n\n# Build Script Phase for Main Project - Auto Generate TCAssets\n# Add this script to your main project's Build Phases\n\nset -e\n\n# Colors for output\nRED='\\033[0;31m'\nGREEN='\\033[0;32m'\nYELLOW='\\033[1;33m'\nBLUE='\\033[0;34m'\nNC='\\033[0m' # No Color\n\necho -e \"${BLUE}🔨 TCAssets Auto Generation Started${NC}\"\n\n# Define paths\nTCASSETS_DIR=\"$SRCROOT/TCAssets\"\nSWIFTGEN_CONFIG=\"$TCASSETS_DIR/swiftgen.yml\"\nGENERATED_DIR=\"$TCASSETS_DIR/Sources/TCAssets/Generated\"\nRESOURCES_DIR=\"$TCASSETS_DIR/Resources\"\n\n# Check if TCAssets directory exists\nif [ ! -d \"$TCASSETS_DIR\" ]; then\n    echo -e \"${RED}❌ TCAssets directory not found at: $TCASSETS_DIR${NC}\"\n    echo -e \"${YELLOW}💡 Make sure TCAssets package is in the correct location${NC}\"\n    exit 1\nfi\n\n# Check if SwiftGen is installed\nif ! command -v swiftgen > /dev/null 2>&1; then\n    echo -e \"${RED}❌ SwiftGen is not installed${NC}\"\n    echo -e \"${YELLOW}💡 Install with: brew install swiftgen${NC}\"\n    echo -e \"${YELLOW}⚠️  Skipping TCAssets generation${NC}\"\n    exit 0  # Don't fail the build, just skip generation\nfi\n\n# Check if config file exists\nif [ ! -f \"$SWIFTGEN_CONFIG\" ]; then\n    echo -e \"${RED}❌ SwiftGen config not found: $SWIFTGEN_CONFIG${NC}\"\n    exit 1\nfi\n\n# Function to get file modification time\nget_modification_time() {\n    if [ -f \"$1\" ]; then\n        stat -f %m \"$1\" 2>/dev/null || stat -c %Y \"$1\" 2>/dev/null || echo \"0\"\n    else\n        echo \"0\"\n    fi\n}\n\n# Function to check if generation is needed\nneeds_generation() {\n    # If generated directory doesn't exist, we need generation\n    if [ ! -d \"$GENERATED_DIR\" ]; then\n        echo -e \"${YELLOW}📁 Generated directory not found, generation needed${NC}\"\n        return 0\n    fi\n    \n    # Check if any generated file is missing\n    local generated_files=\"Assets.swift Strings.swift Colors.swift Fonts.swift\"\n    for file in $generated_files; do\n        if [ ! -f \"$GENERATED_DIR/$file\" ]; then\n            echo -e \"${YELLOW}📄 Missing generated file: $file${NC}\"\n            return 0\n        fi\n    done\n    \n    # Get the oldest generated file time\n    local oldest_generated_time=999999999999\n    for file in \"$GENERATED_DIR\"/*.swift; do\n        if [ -f \"$file\" ]; then\n            local file_time=$(get_modification_time \"$file\")\n            if [ \"$file_time\" -lt \"$oldest_generated_time\" ]; then\n                oldest_generated_time=$file_time\n            fi\n        fi\n    done\n    \n    # Check if config file is newer than generated files\n    local config_time=$(get_modification_time \"$SWIFTGEN_CONFIG\")\n    if [ \"$config_time\" -gt \"$oldest_generated_time\" ]; then\n        echo -e \"${YELLOW}🔧 SwiftGen config updated, regeneration needed${NC}\"\n        return 0\n    fi\n    \n    # Check if any resource file is newer than generated files\n    if [ -d \"$RESOURCES_DIR\" ]; then\n        find \"$RESOURCES_DIR\" -type f \\( -name \"*.xcassets\" -o -name \"*.strings\" -o -name \"*.ttf\" -o -name \"*.otf\" \\) | while read -r resource_file; do\n            local resource_time=$(get_modification_time \"$resource_file\")\n            if [ \"$resource_time\" -gt \"$oldest_generated_time\" ]; then\n                echo -e \"${YELLOW}📄 Resource updated: $(basename \"$resource_file\")${NC}\"\n                return 0\n            fi\n        done\n    fi\n    \n    echo -e \"${GREEN}✅ Generated files are up to date${NC}\"\n    return 1\n}\n\n# Check if generation is needed\nif ! needs_generation; then\n    echo -e \"${GREEN}⏭️  Skipping TCAssets generation - no changes detected${NC}\"\n    exit 0\nfi\n\n# Create generated directory if it doesn't exist\nmkdir -p \"$GENERATED_DIR\"\n\n# Change to TCAssets directory\ncd \"$TCASSETS_DIR\"\n\n# Validate SwiftGen configuration\necho -e \"${BLUE}🔍 Validating SwiftGen configuration...${NC}\"\nif ! swiftgen config lint --config \"$SWIFTGEN_CONFIG\" 2>/dev/null; then\n    echo -e \"${RED}❌ SwiftGen configuration validation failed${NC}\"\n    exit 1\nfi\n\n# Run SwiftGen\necho -e \"${BLUE}🚀 Running SwiftGen...${NC}\"\nif swiftgen --config \"$SWIFTGEN_CONFIG\"; then\n    echo -e \"${GREEN}✅ TCAssets generation completed successfully${NC}\"\n    \n    # List generated files with sizes\n    echo -e \"${BLUE}📋 Generated files:${NC}\"\n    for file in \"$GENERATED_DIR\"/*.swift; do\n        if [ -f \"$file\" ]; then\n            local file_size=$(stat -f%z \"$file\" 2>/dev/null || stat -c%s \"$file\" 2>/dev/null || echo \"unknown\")\n            echo -e \"${GREEN}   📄 $(basename \"$file\") (${file_size} bytes)${NC}\"\n        fi\n    done\nelse\n    echo -e \"${RED}❌ TCAssets generation failed${NC}\"\n    exit 1\nfi\n\necho -e \"${GREEN}🎉 TCAssets auto generation completed!${NC}\"\n";
		};
/* End PBXShellScriptBuildPhase section */

/* Begin PBXSourcesBuildPhase section */
		3456AE172DF038C50005F595 /* Sources */ = {
			isa = PBXSourcesBuildPhase;
			buildActionMask = 2147483647;
			files = (
			);
			runOnlyForDeploymentPostprocessing = 0;
		};
/* End PBXSourcesBuildPhase section */

/* Begin XCBuildConfiguration section */
		3456AE2F2DF038C60005F595 /* Debug */ = {
			isa = XCBuildConfiguration;
			baseConfigurationReferenceAnchor = 340F3A522E00662A00D907CC /* Configurations */;
			baseConfigurationReferenceRelativePath = Debug.xcconfig;
			buildSettings = {
				ASSETCATALOG_COMPILER_APPICON_NAME = AppIcon;
				ASSETCATALOG_COMPILER_GLOBAL_ACCENT_COLOR_NAME = AccentColor;
				CODE_SIGN_STYLE = Automatic;
				CURRENT_PROJECT_VERSION = 1;
				DEVELOPMENT_TEAM = HL5737X75Y;
				GENERATE_INFOPLIST_FILE = YES;
				INFOPLIST_FILE = DailyNews/Info.plist;
				INFOPLIST_KEY_CFBundleDisplayName = "$(INFOPLIST_KEY_CFBundleDisplayName)";
				INFOPLIST_KEY_LSApplicationCategoryType = "public.app-category.news";
				INFOPLIST_KEY_UIApplicationSupportsIndirectInputEvents = YES;
				INFOPLIST_KEY_UILaunchStoryboardName = LaunchScreen;
				INFOPLIST_KEY_UISupportedInterfaceOrientations_iPad = "UIInterfaceOrientationPortrait UIInterfaceOrientationPortraitUpsideDown UIInterfaceOrientationLandscapeLeft UIInterfaceOrientationLandscapeRight";
				INFOPLIST_KEY_UISupportedInterfaceOrientations_iPhone = "UIInterfaceOrientationPortrait UIInterfaceOrientationLandscapeLeft UIInterfaceOrientationLandscapeRight";
				IPHONEOS_DEPLOYMENT_TARGET = "$(IPHONEOS_DEPLOYMENT_TARGET)";
				LD_RUNPATH_SEARCH_PATHS = (
					"$(inherited)",
					"@executable_path/Frameworks",
				);
				MARKETING_VERSION = 1.0;
				PRODUCT_BUNDLE_IDENTIFIER = "$(PRODUCT_BUNDLE_IDENTIFIER)";
				"PRODUCT_BUNDLE_IDENTIFIER[sdk=iphoneos*]" = com.chinhng.DailyNews.debug;
				PRODUCT_NAME = "$(TARGET_NAME)";
				SUPPORTED_PLATFORMS = "iphoneos iphonesimulator";
				SUPPORTS_MACCATALYST = NO;
				SUPPORTS_MAC_DESIGNED_FOR_IPHONE_IPAD = NO;
				SUPPORTS_XR_DESIGNED_FOR_IPHONE_IPAD = NO;
				SWIFT_EMIT_LOC_STRINGS = YES;
				SWIFT_VERSION = 5.0;
				TARGETED_DEVICE_FAMILY = 1;
			};
			name = Debug;
		};
		3456AE302DF038C60005F595 /* Release */ = {
			isa = XCBuildConfiguration;
			baseConfigurationReferenceAnchor = 340F3A522E00662A00D907CC /* Configurations */;
			baseConfigurationReferenceRelativePath = Release.xcconfig;
			buildSettings = {
				ASSETCATALOG_COMPILER_APPICON_NAME = AppIcon;
				ASSETCATALOG_COMPILER_GLOBAL_ACCENT_COLOR_NAME = AccentColor;
				CODE_SIGN_STYLE = Automatic;
				CURRENT_PROJECT_VERSION = 1;
				DEVELOPMENT_TEAM = HL5737X75Y;
				GENERATE_INFOPLIST_FILE = YES;
				INFOPLIST_FILE = DailyNews/Info.plist;
				INFOPLIST_KEY_CFBundleDisplayName = "$(INFOPLIST_KEY_CFBundleDisplayName)";
				INFOPLIST_KEY_LSApplicationCategoryType = "public.app-category.news";
				INFOPLIST_KEY_UIApplicationSupportsIndirectInputEvents = YES;
				INFOPLIST_KEY_UILaunchStoryboardName = LaunchScreen;
				INFOPLIST_KEY_UISupportedInterfaceOrientations_iPad = "UIInterfaceOrientationPortrait UIInterfaceOrientationPortraitUpsideDown UIInterfaceOrientationLandscapeLeft UIInterfaceOrientationLandscapeRight";
				INFOPLIST_KEY_UISupportedInterfaceOrientations_iPhone = "UIInterfaceOrientationPortrait UIInterfaceOrientationLandscapeLeft UIInterfaceOrientationLandscapeRight";
				IPHONEOS_DEPLOYMENT_TARGET = "$(IPHONEOS_DEPLOYMENT_TARGET)";
				LD_RUNPATH_SEARCH_PATHS = (
					"$(inherited)",
					"@executable_path/Frameworks",
				);
				MARKETING_VERSION = 1.0;
				PRODUCT_BUNDLE_IDENTIFIER = "$(PRODUCT_BUNDLE_IDENTIFIER)";
				"PRODUCT_BUNDLE_IDENTIFIER[sdk=iphoneos*]" = com.chinhng.DailyNews;
				PRODUCT_NAME = "$(TARGET_NAME)";
				SUPPORTED_PLATFORMS = "iphoneos iphonesimulator";
				SUPPORTS_MACCATALYST = NO;
				SUPPORTS_MAC_DESIGNED_FOR_IPHONE_IPAD = NO;
				SUPPORTS_XR_DESIGNED_FOR_IPHONE_IPAD = NO;
				SWIFT_EMIT_LOC_STRINGS = YES;
				SWIFT_VERSION = 5.0;
				TARGETED_DEVICE_FAMILY = 1;
			};
			name = Release;
		};
		3456AE312DF038C60005F595 /* Debug */ = {
			isa = XCBuildConfiguration;
			baseConfigurationReferenceAnchor = 340F3A522E00662A00D907CC /* Configurations */;
			baseConfigurationReferenceRelativePath = Debug.xcconfig;
			buildSettings = {
				ALWAYS_SEARCH_USER_PATHS = NO;
				ASSETCATALOG_COMPILER_GENERATE_SWIFT_ASSET_SYMBOL_EXTENSIONS = YES;
				CLANG_ANALYZER_NONNULL = YES;
				CLANG_ANALYZER_NUMBER_OBJECT_CONVERSION = YES_AGGRESSIVE;
				CLANG_CXX_LANGUAGE_STANDARD = "gnu++20";
				CLANG_ENABLE_MODULES = YES;
				CLANG_ENABLE_OBJC_ARC = YES;
				CLANG_ENABLE_OBJC_WEAK = YES;
				CLANG_WARN_BLOCK_CAPTURE_AUTORELEASING = YES;
				CLANG_WARN_BOOL_CONVERSION = YES;
				CLANG_WARN_COMMA = YES;
				CLANG_WARN_CONSTANT_CONVERSION = YES;
				CLANG_WARN_DEPRECATED_OBJC_IMPLEMENTATIONS = YES;
				CLANG_WARN_DIRECT_OBJC_ISA_USAGE = YES_ERROR;
				CLANG_WARN_DOCUMENTATION_COMMENTS = YES;
				CLANG_WARN_EMPTY_BODY = YES;
				CLANG_WARN_ENUM_CONVERSION = YES;
				CLANG_WARN_INFINITE_RECURSION = YES;
				CLANG_WARN_INT_CONVERSION = YES;
				CLANG_WARN_NON_LITERAL_NULL_CONVERSION = YES;
				CLANG_WARN_OBJC_IMPLICIT_RETAIN_SELF = YES;
				CLANG_WARN_OBJC_LITERAL_CONVERSION = YES;
				CLANG_WARN_OBJC_ROOT_CLASS = YES_ERROR;
				CLANG_WARN_QUOTED_INCLUDE_IN_FRAMEWORK_HEADER = YES;
				CLANG_WARN_RANGE_LOOP_ANALYSIS = YES;
				CLANG_WARN_STRICT_PROTOTYPES = YES;
				CLANG_WARN_SUSPICIOUS_MOVE = YES;
				CLANG_WARN_UNGUARDED_AVAILABILITY = YES_AGGRESSIVE;
				CLANG_WARN_UNREACHABLE_CODE = YES;
				CLANG_WARN__DUPLICATE_METHOD_MATCH = YES;
				COPY_PHASE_STRIP = NO;
				DEBUG_INFORMATION_FORMAT = dwarf;
				DEVELOPMENT_TEAM = HL5737X75Y;
				ENABLE_STRICT_OBJC_MSGSEND = YES;
				ENABLE_TESTABILITY = YES;
				ENABLE_USER_SCRIPT_SANDBOXING = YES;
				GCC_C_LANGUAGE_STANDARD = gnu17;
				GCC_DYNAMIC_NO_PIC = NO;
				GCC_NO_COMMON_BLOCKS = YES;
				GCC_OPTIMIZATION_LEVEL = 0;
				GCC_PREPROCESSOR_DEFINITIONS = (
					"DEBUG=1",
					"$(inherited)",
				);
				GCC_WARN_64_TO_32_BIT_CONVERSION = YES;
				GCC_WARN_ABOUT_RETURN_TYPE = YES_ERROR;
				GCC_WARN_UNDECLARED_SELECTOR = YES;
				GCC_WARN_UNINITIALIZED_AUTOS = YES_AGGRESSIVE;
				GCC_WARN_UNUSED_FUNCTION = YES;
				GCC_WARN_UNUSED_VARIABLE = YES;
				IPHONEOS_DEPLOYMENT_TARGET = 18.5;
				LOCALIZATION_PREFERS_STRING_CATALOGS = YES;
				MTL_ENABLE_DEBUG_INFO = INCLUDE_SOURCE;
				MTL_FAST_MATH = YES;
				ONLY_ACTIVE_ARCH = YES;
				SDKROOT = iphoneos;
				SWIFT_ACTIVE_COMPILATION_CONDITIONS = "DEBUG $(inherited)";
				SWIFT_OPTIMIZATION_LEVEL = "-Onone";
			};
			name = Debug;
		};
		3456AE322DF038C60005F595 /* Release */ = {
			isa = XCBuildConfiguration;
			baseConfigurationReferenceAnchor = 340F3A522E00662A00D907CC /* Configurations */;
			baseConfigurationReferenceRelativePath = Release.xcconfig;
			buildSettings = {
				ALWAYS_SEARCH_USER_PATHS = NO;
				ASSETCATALOG_COMPILER_GENERATE_SWIFT_ASSET_SYMBOL_EXTENSIONS = YES;
				CLANG_ANALYZER_NONNULL = YES;
				CLANG_ANALYZER_NUMBER_OBJECT_CONVERSION = YES_AGGRESSIVE;
				CLANG_CXX_LANGUAGE_STANDARD = "gnu++20";
				CLANG_ENABLE_MODULES = YES;
				CLANG_ENABLE_OBJC_ARC = YES;
				CLANG_ENABLE_OBJC_WEAK = YES;
				CLANG_WARN_BLOCK_CAPTURE_AUTORELEASING = YES;
				CLANG_WARN_BOOL_CONVERSION = YES;
				CLANG_WARN_COMMA = YES;
				CLANG_WARN_CONSTANT_CONVERSION = YES;
				CLANG_WARN_DEPRECATED_OBJC_IMPLEMENTATIONS = YES;
				CLANG_WARN_DIRECT_OBJC_ISA_USAGE = YES_ERROR;
				CLANG_WARN_DOCUMENTATION_COMMENTS = YES;
				CLANG_WARN_EMPTY_BODY = YES;
				CLANG_WARN_ENUM_CONVERSION = YES;
				CLANG_WARN_INFINITE_RECURSION = YES;
				CLANG_WARN_INT_CONVERSION = YES;
				CLANG_WARN_NON_LITERAL_NULL_CONVERSION = YES;
				CLANG_WARN_OBJC_IMPLICIT_RETAIN_SELF = YES;
				CLANG_WARN_OBJC_LITERAL_CONVERSION = YES;
				CLANG_WARN_OBJC_ROOT_CLASS = YES_ERROR;
				CLANG_WARN_QUOTED_INCLUDE_IN_FRAMEWORK_HEADER = YES;
				CLANG_WARN_RANGE_LOOP_ANALYSIS = YES;
				CLANG_WARN_STRICT_PROTOTYPES = YES;
				CLANG_WARN_SUSPICIOUS_MOVE = YES;
				CLANG_WARN_UNGUARDED_AVAILABILITY = YES_AGGRESSIVE;
				CLANG_WARN_UNREACHABLE_CODE = YES;
				CLANG_WARN__DUPLICATE_METHOD_MATCH = YES;
				COPY_PHASE_STRIP = NO;
				DEBUG_INFORMATION_FORMAT = "dwarf-with-dsym";
				DEVELOPMENT_TEAM = HL5737X75Y;
				ENABLE_NS_ASSERTIONS = NO;
				ENABLE_STRICT_OBJC_MSGSEND = YES;
				ENABLE_USER_SCRIPT_SANDBOXING = YES;
				GCC_C_LANGUAGE_STANDARD = gnu17;
				GCC_NO_COMMON_BLOCKS = YES;
				GCC_WARN_64_TO_32_BIT_CONVERSION = YES;
				GCC_WARN_ABOUT_RETURN_TYPE = YES_ERROR;
				GCC_WARN_UNDECLARED_SELECTOR = YES;
				GCC_WARN_UNINITIALIZED_AUTOS = YES_AGGRESSIVE;
				GCC_WARN_UNUSED_FUNCTION = YES;
				GCC_WARN_UNUSED_VARIABLE = YES;
				IPHONEOS_DEPLOYMENT_TARGET = 18.5;
				LOCALIZATION_PREFERS_STRING_CATALOGS = YES;
				MTL_ENABLE_DEBUG_INFO = NO;
				MTL_FAST_MATH = YES;
				SDKROOT = iphoneos;
				SWIFT_COMPILATION_MODE = wholemodule;
				VALIDATE_PRODUCT = YES;
			};
			name = Release;
		};
/* End XCBuildConfiguration section */

/* Begin XCConfigurationList section */
		3456AE162DF038C50005F595 /* Build configuration list for PBXProject "DailyNews" */ = {
			isa = XCConfigurationList;
			buildConfigurations = (
				3456AE312DF038C60005F595 /* Debug */,
				3456AE322DF038C60005F595 /* Release */,
			);
			defaultConfigurationIsVisible = 0;
			defaultConfigurationName = Release;
		};
		3456AE2E2DF038C60005F595 /* Build configuration list for PBXNativeTarget "DailyNews" */ = {
			isa = XCConfigurationList;
			buildConfigurations = (
				3456AE2F2DF038C60005F595 /* Debug */,
				3456AE302DF038C60005F595 /* Release */,
			);
			defaultConfigurationIsVisible = 0;
			defaultConfigurationName = Release;
		};
/* End XCConfigurationList section */

/* Begin XCLocalSwiftPackageReference section */
		348342672E03ADE500614FCE /* XCLocalSwiftPackageReference "TCAssets" */ = {
			isa = XCLocalSwiftPackageReference;
			relativePath = TCAssets;
		};
/* End XCLocalSwiftPackageReference section */

/* Begin XCRemoteSwiftPackageReference section */
		340F39C62E00241900D907CC /* XCRemoteSwiftPackageReference "SnapKit" */ = {
			isa = XCRemoteSwiftPackageReference;
			repositoryURL = "https://github.com/SnapKit/SnapKit.git";
			requirement = {
				kind = upToNextMajorVersion;
				minimumVersion = 5.7.1;
			};
		};
/* End XCRemoteSwiftPackageReference section */

/* Begin XCSwiftPackageProductDependency section */
		340F39C72E00241900D907CC /* SnapKit */ = {
			isa = XCSwiftPackageProductDependency;
			package = 340F39C62E00241900D907CC /* XCRemoteSwiftPackageReference "SnapKit" */;
			productName = SnapKit;
		};
		348342682E03ADE500614FCE /* TCAssets */ = {
			isa = XCSwiftPackageProductDependency;
			productName = TCAssets;
		};
/* End XCSwiftPackageProductDependency section */
	};
	rootObject = 3456AE132DF038C50005F595 /* Project object */;
}
